
Microsoft Visual Studio Solution File, Format Version 12.00
# Visual Studio Version 17
VisualStudioVersion = 17.9.34616.47
MinimumVisualStudioVersion = 10.0.40219.1
Project("{FAE04EC0-301F-11D3-BF4B-00C04F79EFBC}") = "Mitzmuzica", "Mitzmuzica\Mitzmuzica.csproj", "{02DE03CC-0E1A-442E-BEAD-B43ECC3916FE}"
EndProject
Global
	GlobalSection(SolutionConfigurationPlatforms) = preSolution
		Debug|Any CPU = Debug|Any CPU
		Release|Any CPU = Release|Any CPU
	EndGlobalSection
	GlobalSection(ProjectConfigurationPlatforms) = postSolution
		{02DE03CC-0E1A-442E-BEAD-B43ECC3916FE}.Debug|Any CPU.ActiveCfg = Debug|Any CPU
		{02DE03CC-0E1A-442E-BEAD-B43ECC3916FE}.Debug|Any CPU.Build.0 = Debug|Any CPU
		{02DE03CC-0E1A-442E-BEAD-B43ECC3916FE}.Release|Any CPU.ActiveCfg = Release|Any CPU
		{02DE03CC-0E1A-442E-BEAD-B43ECC3916FE}.Release|Any CPU.Build.0 = Release|Any CPU
	EndGlobalSection
	GlobalSection(SolutionProperties) = preSolution
		HideSolutionNode = FALSE
	EndGlobalSection
	GlobalSection(ExtensibilityGlobals) = postSolution
		SolutionGuid = {50A7A8D9-369F-4B3D-BB48-3BB1E305E063}
	EndGlobalSection
EndGlobal
